
Microsoft Visual Studio Solution File, Format Version 12.00
Project("{FAE04EC0-301F-11D3-BF4B-00C04F79EFBC}") = "Seb.Exchange", "Seb.Exchange\Seb.Exchange.csproj", "{C9A45E93-9050-43B6-BBB3-A8204572CA96}"
EndProject
Project("{FAE04EC0-301F-11D3-BF4B-00C04F79EFBC}") = "Seb.Functions", "Seb.Functions\Seb.Functions.csproj", "{7E958BCC-EF95-4D15-A7A8-E1E66DB1C441}"
EndProject
Global
	GlobalSection(SolutionConfigurationPlatforms) = preSolution
		Debug|Any CPU = Debug|Any CPU
		Release|Any CPU = Release|Any CPU
	EndGlobalSection
	GlobalSection(ProjectConfigurationPlatforms) = postSolution
		{C9A45E93-9050-43B6-BBB3-A8204572CA96}.Debug|Any CPU.ActiveCfg = Debug|Any CPU
		{C9A45E93-9050-43B6-BBB3-A8204572CA96}.Debug|Any CPU.Build.0 = Debug|Any CPU
		{C9A45E93-9050-43B6-BBB3-A8204572CA96}.Release|Any CPU.ActiveCfg = Release|Any CPU
		{C9A45E93-9050-43B6-BBB3-A8204572CA96}.Release|Any CPU.Build.0 = Release|Any CPU
		{7E958BCC-EF95-4D15-A7A8-E1E66DB1C441}.Debug|Any CPU.ActiveCfg = Debug|Any CPU
		{7E958BCC-EF95-4D15-A7A8-E1E66DB1C441}.Debug|Any CPU.Build.0 = Debug|Any CPU
		{7E958BCC-EF95-4D15-A7A8-E1E66DB1C441}.Release|Any CPU.ActiveCfg = Release|Any CPU
		{7E958BCC-EF95-4D15-A7A8-E1E66DB1C441}.Release|Any CPU.Build.0 = Release|Any CPU
	EndGlobalSection
EndGlobal
